
Microsoft Visual Studio Solution File, Format Version 12.00
# Visual Studio Version 17
VisualStudioVersion = 17.14.36518.9 d17.14
MinimumVisualStudioVersion = 10.0.40219.1
Project("{FAE04EC0-301F-11D3-BF4B-00C04F79EFBC}") = "ConnectDB", "ConnectDB\ConnectDB.csproj", "{A243F152-5A7D-44AF-A968-F2AF4001E134}"
EndProject
Global
	GlobalSection(SolutionConfigurationPlatforms) = preSolution
		Debug|Any CPU = Debug|Any CPU
		Release|Any CPU = Release|Any CPU
	EndGlobalSection
	GlobalSection(ProjectConfigurationPlatforms) = postSolution
		{A243F152-5A7D-44AF-A968-F2AF4001E134}.Debug|Any CPU.ActiveCfg = Debug|Any CPU
		{A243F152-5A7D-44AF-A968-F2AF4001E134}.Debug|Any CPU.Build.0 = Debug|Any CPU
		{A243F152-5A7D-44AF-A968-F2AF4001E134}.Release|Any CPU.ActiveCfg = Release|Any CPU
		{A243F152-5A7D-44AF-A968-F2AF4001E134}.Release|Any CPU.Build.0 = Release|Any CPU
	EndGlobalSection
	GlobalSection(SolutionProperties) = preSolution
		HideSolutionNode = FALSE
	EndGlobalSection
	GlobalSection(ExtensibilityGlobals) = postSolution
		SolutionGuid = {4A0AE1D2-9CCD-4B6F-8F59-36D225BE50CD}
	EndGlobalSection
EndGlobal
